
Microsoft Visual Studio Solution File, Format Version 12.00
# Visual Studio 15
VisualStudioVersion = 15.0.28307.489
MinimumVisualStudioVersion = 10.0.40219.1
Project("{8BC9CEB8-8B4A-11D0-8D11-00A0C91BC942}") = "connect4", "connect4\connect4.vcxproj", "{7936165C-EE2F-4E07-80CD-1189E60EBC54}"
EndProject
Global
	GlobalSection(SolutionConfigurationPlatforms) = preSolution
		Debug|x64 = Debug|x64
		Debug|x86 = Debug|x86
		Release|x64 = Release|x64
		Release|x86 = Release|x86
	EndGlobalSection
	GlobalSection(ProjectConfigurationPlatforms) = postSolution
		{7936165C-EE2F-4E07-80CD-1189E60EBC54}.Debug|x64.ActiveCfg = Debug|x64
		{7936165C-EE2F-4E07-80CD-1189E60EBC54}.Debug|x64.Build.0 = Debug|x64
		{7936165C-EE2F-4E07-80CD-1189E60EBC54}.Debug|x86.ActiveCfg = Debug|Win32
		{7936165C-EE2F-4E07-80CD-1189E60EBC54}.Debug|x86.Build.0 = Debug|Win32
		{7936165C-EE2F-4E07-80CD-1189E60EBC54}.Release|x64.ActiveCfg = Release|x64
		{7936165C-EE2F-4E07-80CD-1189E60EBC54}.Release|x64.Build.0 = Release|x64
		{7936165C-EE2F-4E07-80CD-1189E60EBC54}.Release|x86.ActiveCfg = Release|Win32
		{7936165C-EE2F-4E07-80CD-1189E60EBC54}.Release|x86.Build.0 = Release|Win32
	EndGlobalSection
	GlobalSection(SolutionProperties) = preSolution
		HideSolutionNode = FALSE
	EndGlobalSection
	GlobalSection(ExtensibilityGlobals) = postSolution
		SolutionGuid = {91BCBFBC-E939-4DE1-801E-16057482D665}
	EndGlobalSection
EndGlobal
